// !$*UTF8*$!
{
	archiveVersion = 1;
	classes = {
	};
	objectVersion = 50;
	objects = {

/* Begin PBXBuildFile section */
		88EF0C7D245CC11200ADC1A6 /* AppDelegate.swift in Sources */ = {isa = PBXBuildFile; fileRef = 88EF0C7C245CC11200ADC1A6 /* AppDelegate.swift */; };
		88EF0C7F245CC11200ADC1A6 /* SceneDelegate.swift in Sources */ = {isa = PBXBuildFile; fileRef = 88EF0C7E245CC11200ADC1A6 /* SceneDelegate.swift */; };
		88EF0C84245CC11200ADC1A6 /* Main.storyboard in Resources */ = {isa = PBXBuildFile; fileRef = 88EF0C82245CC11200ADC1A6 /* Main.storyboard */; };
		88EF0C86245CC11400ADC1A6 /* Assets.xcassets in Resources */ = {isa = PBXBuildFile; fileRef = 88EF0C85245CC11400ADC1A6 /* Assets.xcassets */; };
		88EF0C89245CC11400ADC1A6 /* LaunchScreen.storyboard in Resources */ = {isa = PBXBuildFile; fileRef = 88EF0C87245CC11400ADC1A6 /* LaunchScreen.storyboard */; };
		88EF0C92245CC41800ADC1A6 /* ImageGalleryNamesTableViewController.swift in Sources */ = {isa = PBXBuildFile; fileRef = 88EF0C91245CC41800ADC1A6 /* ImageGalleryNamesTableViewController.swift */; };
		88EF0C94245CC5E500ADC1A6 /* Utilities.swift in Sources */ = {isa = PBXBuildFile; fileRef = 88EF0C93245CC5E500ADC1A6 /* Utilities.swift */; };
		88EF0C96245CC65100ADC1A6 /* ImageCollectionViewCell.swift in Sources */ = {isa = PBXBuildFile; fileRef = 88EF0C95245CC65100ADC1A6 /* ImageCollectionViewCell.swift */; };
		88EF0C98245CC6A200ADC1A6 /* ImageGalleryViewController.swift in Sources */ = {isa = PBXBuildFile; fileRef = 88EF0C97245CC6A200ADC1A6 /* ImageGalleryViewController.swift */; };
		88EF0C9A245CC74F00ADC1A6 /* ImageGalleryView.swift in Sources */ = {isa = PBXBuildFile; fileRef = 88EF0C99245CC74F00ADC1A6 /* ImageGalleryView.swift */; };
		88EF0C9C245CC79900ADC1A6 /* ImageZoomViewController.swift in Sources */ = {isa = PBXBuildFile; fileRef = 88EF0C9B245CC79900ADC1A6 /* ImageZoomViewController.swift */; };
/* End PBXBuildFile section */

/* Begin PBXFileReference section */
		88EF0C79245CC11200ADC1A6 /* ImageGallery.app */ = {isa = PBXFileReference; explicitFileType = wrapper.application; includeInIndex = 0; path = ImageGallery.app; sourceTree = BUILT_PRODUCTS_DIR; };
		88EF0C7C245CC11200ADC1A6 /* AppDelegate.swift */ = {isa = PBXFileReference; lastKnownFileType = sourcecode.swift; path = AppDelegate.swift; sourceTree = "<group>"; };
		88EF0C7E245CC11200ADC1A6 /* SceneDelegate.swift */ = {isa = PBXFileReference; lastKnownFileType = sourcecode.swift; path = SceneDelegate.swift; sourceTree = "<group>"; };
		88EF0C83245CC11200ADC1A6 /* Base */ = {isa = PBXFileReference; lastKnownFileType = file.storyboard; name = Base; path = Base.lproj/Main.storyboard; sourceTree = "<group>"; };
		88EF0C85245CC11400ADC1A6 /* Assets.xcassets */ = {isa = PBXFileReference; lastKnownFileType = folder.assetcatalog; path = Assets.xcassets; sourceTree = "<group>"; };
		88EF0C88245CC11400ADC1A6 /* Base */ = {isa = PBXFileReference; lastKnownFileType = file.storyboard; name = Base; path = Base.lproj/LaunchScreen.storyboard; sourceTree = "<group>"; };
		88EF0C8A245CC11400ADC1A6 /* Info.plist */ = {isa = PBXFileReference; lastKnownFileType = text.plist.xml; path = Info.plist; sourceTree = "<group>"; };
		88EF0C91245CC41800ADC1A6 /* ImageGalleryNamesTableViewController.swift */ = {isa = PBXFileReference; lastKnownFileType = sourcecode.swift; path = ImageGalleryNamesTableViewController.swift; sourceTree = "<group>"; };
		88EF0C93245CC5E500ADC1A6 /* Utilities.swift */ = {isa = PBXFileReference; fileEncoding = 4; lastKnownFileType = sourcecode.swift; path = Utilities.swift; sourceTree = "<group>"; };
		88EF0C95245CC65100ADC1A6 /* ImageCollectionViewCell.swift */ = {isa = PBXFileReference; lastKnownFileType = sourcecode.swift; path = ImageCollectionViewCell.swift; sourceTree = "<group>"; };
		88EF0C97245CC6A200ADC1A6 /* ImageGalleryViewController.swift */ = {isa = PBXFileReference; lastKnownFileType = sourcecode.swift; path = ImageGalleryViewController.swift; sourceTree = "<group>"; };
		88EF0C99245CC74F00ADC1A6 /* ImageGalleryView.swift */ = {isa = PBXFileReference; lastKnownFileType = sourcecode.swift; path = ImageGalleryView.swift; sourceTree = "<group>"; };
		88EF0C9B245CC79900ADC1A6 /* ImageZoomViewController.swift */ = {isa = PBXFileReference; lastKnownFileType = sourcecode.swift; path = ImageZoomViewController.swift; sourceTree = "<group>"; };
/* End PBXFileReference section */

/* Begin PBXFrameworksBuildPhase section */
		88EF0C76245CC11200ADC1A6 /* Frameworks */ = {
			isa = PBXFrameworksBuildPhase;
			buildActionMask = 2147483647;
			files = (
			);
			runOnlyForDeploymentPostprocessing = 0;
		};
/* End PBXFrameworksBuildPhase section */

/* Begin PBXGroup section */
		88EF0C70245CC11200ADC1A6 = {
			isa = PBXGroup;
			children = (
				88EF0C7B245CC11200ADC1A6 /* ImageGallery */,
				88EF0C7A245CC11200ADC1A6 /* Products */,
			);
			sourceTree = "<group>";
		};
		88EF0C7A245CC11200ADC1A6 /* Products */ = {
			isa = PBXGroup;
			children = (
				88EF0C79245CC11200ADC1A6 /* ImageGallery.app */,
			);
			name = Products;
			sourceTree = "<group>";
		};
		88EF0C7B245CC11200ADC1A6 /* ImageGallery */ = {
			isa = PBXGroup;
			children = (
				88EF0C82245CC11200ADC1A6 /* Main.storyboard */,
				88EF0C99245CC74F00ADC1A6 /* ImageGalleryView.swift */,
				88EF0C97245CC6A200ADC1A6 /* ImageGalleryViewController.swift */,
				88EF0C91245CC41800ADC1A6 /* ImageGalleryNamesTableViewController.swift */,
				88EF0C9B245CC79900ADC1A6 /* ImageZoomViewController.swift */,
				88EF0C95245CC65100ADC1A6 /* ImageCollectionViewCell.swift */,
				88EF0C93245CC5E500ADC1A6 /* Utilities.swift */,
				88EF0C8A245CC11400ADC1A6 /* Info.plist */,
				88EF0C90245CC15800ADC1A6 /* SupportingFiles */,
			);
			path = ImageGallery;
			sourceTree = "<group>";
		};
		88EF0C90245CC15800ADC1A6 /* SupportingFiles */ = {
			isa = PBXGroup;
			children = (
				88EF0C7C245CC11200ADC1A6 /* AppDelegate.swift */,
				88EF0C7E245CC11200ADC1A6 /* SceneDelegate.swift */,
				88EF0C85245CC11400ADC1A6 /* Assets.xcassets */,
				88EF0C87245CC11400ADC1A6 /* LaunchScreen.storyboard */,
			);
			path = SupportingFiles;
			sourceTree = "<group>";
		};
/* End PBXGroup section */

/* Begin PBXNativeTarget section */
		88EF0C78245CC11200ADC1A6 /* ImageGallery */ = {
			isa = PBXNativeTarget;
			buildConfigurationList = 88EF0C8D245CC11400ADC1A6 /* Build configuration list for PBXNativeTarget "ImageGallery" */;
			buildPhases = (
				88EF0C75245CC11200ADC1A6 /* Sources */,
				88EF0C76245CC11200ADC1A6 /* Frameworks */,
				88EF0C77245CC11200ADC1A6 /* Resources */,
			);
			buildRules = (
			);
			dependencies = (
			);
			name = ImageGallery;
			productName = ImageGallery;
			productReference = 88EF0C79245CC11200ADC1A6 /* ImageGallery.app */;
			productType = "com.apple.product-type.application";
		};
/* End PBXNativeTarget section */

/* Begin PBXProject section */
		88EF0C71245CC11200ADC1A6 /* Project object */ = {
			isa = PBXProject;
			attributes = {
				LastSwiftUpdateCheck = 1130;
				LastUpgradeCheck = 1130;
				ORGANIZATIONNAME = Emanuel;
				TargetAttributes = {
					88EF0C78245CC11200ADC1A6 = {
						CreatedOnToolsVersion = 11.3.1;
					};
				};
			};
			buildConfigurationList = 88EF0C74245CC11200ADC1A6 /* Build configuration list for PBXProject "ImageGallery" */;
			compatibilityVersion = "Xcode 9.3";
			developmentRegion = en;
			hasScannedForEncodings = 0;
			knownRegions = (
				en,
				Base,
			);
			mainGroup = 88EF0C70245CC11200ADC1A6;
			productRefGroup = 88EF0C7A245CC11200ADC1A6 /* Products */;
			projectDirPath = "";
			projectRoot = "";
			targets = (
				88EF0C78245CC11200ADC1A6 /* ImageGallery */,
			);
		};
/* End PBXProject section */

/* Begin PBXResourcesBuildPhase section */
		88EF0C77245CC11200ADC1A6 /* Resources */ = {
			isa = PBXResourcesBuildPhase;
			buildActionMask = 2147483647;
			files = (
				88EF0C89245CC11400ADC1A6 /* LaunchScreen.storyboard in Resources */,
				88EF0C86245CC11400ADC1A6 /* Assets.xcassets in Resources */,
				88EF0C84245CC11200ADC1A6 /* Main.storyboard in Resources */,
			);
			runOnlyForDeploymentPostprocessing = 0;
		};
/* End PBXResourcesBuildPhase section */

/* Begin PBXSourcesBuildPhase section */
		88EF0C75245CC11200ADC1A6 /* Sources */ = {
			isa = PBXSourcesBuildPhase;
			buildActionMask = 2147483647;
			files = (
				88EF0C96245CC65100ADC1A6 /* ImageCollectionViewCell.swift in Sources */,
				88EF0C7D245CC11200ADC1A6 /* AppDelegate.swift in Sources */,
				88EF0C9A245CC74F00ADC1A6 /* ImageGalleryView.swift in Sources */,
				88EF0C98245CC6A200ADC1A6 /* ImageGalleryViewController.swift in Sources */,
				88EF0C7F245CC11200ADC1A6 /* SceneDelegate.swift in Sources */,
				88EF0C94245CC5E500ADC1A6 /* Utilities.swift in Sources */,
				88EF0C92245CC41800ADC1A6 /* ImageGalleryNamesTableViewController.swift in Sources */,
				88EF0C9C245CC79900ADC1A6 /* ImageZoomViewController.swift in Sources */,
			);
			runOnlyForDeploymentPostprocessing = 0;
		};
/* End PBXSourcesBuildPhase section */

/* Begin PBXVariantGroup section */
		88EF0C82245CC11200ADC1A6 /* Main.storyboard */ = {
			isa = PBXVariantGroup;
			children = (
				88EF0C83245CC11200ADC1A6 /* Base */,
			);
			name = Main.storyboard;
			sourceTree = "<group>";
		};
		88EF0C87245CC11400ADC1A6 /* LaunchScreen.storyboard */ = {
			isa = PBXVariantGroup;
			children = (
				88EF0C88245CC11400ADC1A6 /* Base */,
			);
			name = LaunchScreen.storyboard;
			sourceTree = "<group>";
		};
/* End PBXVariantGroup section */

/* Begin XCBuildConfiguration section */
		88EF0C8B245CC11400ADC1A6 /* Debug */ = {
			isa = XCBuildConfiguration;
			buildSettings = {
				ALWAYS_SEARCH_USER_PATHS = NO;
				CLANG_ANALYZER_NONNULL = YES;
				CLANG_ANALYZER_NUMBER_OBJECT_CONVERSION = YES_AGGRESSIVE;
				CLANG_CXX_LANGUAGE_STANDARD = "gnu++14";
				CLANG_CXX_LIBRARY = "libc++";
				CLANG_ENABLE_MODULES = YES;
				CLANG_ENABLE_OBJC_ARC = YES;
				CLANG_ENABLE_OBJC_WEAK = YES;
				CLANG_WARN_BLOCK_CAPTURE_AUTORELEASING = YES;
				CLANG_WARN_BOOL_CONVERSION = YES;
				CLANG_WARN_COMMA = YES;
				CLANG_WARN_CONSTANT_CONVERSION = YES;
				CLANG_WARN_DEPRECATED_OBJC_IMPLEMENTATIONS = YES;
				CLANG_WARN_DIRECT_OBJC_ISA_USAGE = YES_ERROR;
				CLANG_WARN_DOCUMENTATION_COMMENTS = YES;
				CLANG_WARN_EMPTY_BODY = YES;
				CLANG_WARN_ENUM_CONVERSION = YES;
				CLANG_WARN_INFINITE_RECURSION = YES;
				CLANG_WARN_INT_CONVERSION = YES;
				CLANG_WARN_NON_LITERAL_NULL_CONVERSION = YES;
				CLANG_WARN_OBJC_IMPLICIT_RETAIN_SELF = YES;
				CLANG_WARN_OBJC_LITERAL_CONVERSION = YES;
				CLANG_WARN_OBJC_ROOT_CLASS = YES_ERROR;
				CLANG_WARN_RANGE_LOOP_ANALYSIS = YES;
				CLANG_WARN_STRICT_PROTOTYPES = YES;
				CLANG_WARN_SUSPICIOUS_MOVE = YES;
				CLANG_WARN_UNGUARDED_AVAILABILITY = YES_AGGRESSIVE;
				CLANG_WARN_UNREACHABLE_CODE = YES;
				CLANG_WARN__DUPLICATE_METHOD_MATCH = YES;
				COPY_PHASE_STRIP = NO;
				DEBUG_INFORMATION_FORMAT = dwarf;
				ENABLE_STRICT_OBJC_MSGSEND = YES;
				ENABLE_TESTABILITY = YES;
				GCC_C_LANGUAGE_STANDARD = gnu11;
				GCC_DYNAMIC_NO_PIC = NO;
				GCC_NO_COMMON_BLOCKS = YES;
				GCC_OPTIMIZATION_LEVEL = 0;
				GCC_PREPROCESSOR_DEFINITIONS = (
					"DEBUG=1",
					"$(inherited)",
				);
				GCC_WARN_64_TO_32_BIT_CONVERSION = YES;
				GCC_WARN_ABOUT_RETURN_TYPE = YES_ERROR;
				GCC_WARN_UNDECLARED_SELECTOR = YES;
				GCC_WARN_UNINITIALIZED_AUTOS = YES_AGGRESSIVE;
				GCC_WARN_UNUSED_FUNCTION = YES;
				GCC_WARN_UNUSED_VARIABLE = YES;
				IPHONEOS_DEPLOYMENT_TARGET = 13.2;
				MTL_ENABLE_DEBUG_INFO = INCLUDE_SOURCE;
				MTL_FAST_MATH = YES;
				ONLY_ACTIVE_ARCH = YES;
				SDKROOT = iphoneos;
				SWIFT_ACTIVE_COMPILATION_CONDITIONS = DEBUG;
				SWIFT_OPTIMIZATION_LEVEL = "-Onone";
			};
			name = Debug;
		};
		88EF0C8C245CC11400ADC1A6 /* Release */ = {
			isa = XCBuildConfiguration;
			buildSettings = {
				ALWAYS_SEARCH_USER_PATHS = NO;
				CLANG_ANALYZER_NONNULL = YES;
				CLANG_ANALYZER_NUMBER_OBJECT_CONVERSION = YES_AGGRESSIVE;
				CLANG_CXX_LANGUAGE_STANDARD = "gnu++14";
				CLANG_CXX_LIBRARY = "libc++";
				CLANG_ENABLE_MODULES = YES;
				CLANG_ENABLE_OBJC_ARC = YES;
				CLANG_ENABLE_OBJC_WEAK = YES;
				CLANG_WARN_BLOCK_CAPTURE_AUTORELEASING = YES;
				CLANG_WARN_BOOL_CONVERSION = YES;
				CLANG_WARN_COMMA = YES;
				CLANG_WARN_CONSTANT_CONVERSION = YES;
				CLANG_WARN_DEPRECATED_OBJC_IMPLEMENTATIONS = YES;
				CLANG_WARN_DIRECT_OBJC_ISA_USAGE = YES_ERROR;
				CLANG_WARN_DOCUMENTATION_COMMENTS = YES;
				CLANG_WARN_EMPTY_BODY = YES;
				CLANG_WARN_ENUM_CONVERSION = YES;
				CLANG_WARN_INFINITE_RECURSION = YES;
				CLANG_WARN_INT_CONVERSION = YES;
				CLANG_WARN_NON_LITERAL_NULL_CONVERSION = YES;
				CLANG_WARN_OBJC_IMPLICIT_RETAIN_SELF = YES;
				CLANG_WARN_OBJC_LITERAL_CONVERSION = YES;
				CLANG_WARN_OBJC_ROOT_CLASS = YES_ERROR;
				CLANG_WARN_RANGE_LOOP_ANALYSIS = YES;
				CLANG_WARN_STRICT_PROTOTYPES = YES;
				CLANG_WARN_SUSPICIOUS_MOVE = YES;
				CLANG_WARN_UNGUARDED_AVAILABILITY = YES_AGGRESSIVE;
				CLANG_WARN_UNREACHABLE_CODE = YES;
				CLANG_WARN__DUPLICATE_METHOD_MATCH = YES;
				COPY_PHASE_STRIP = NO;
				DEBUG_INFORMATION_FORMAT = "dwarf-with-dsym";
				ENABLE_NS_ASSERTIONS = NO;
				ENABLE_STRICT_OBJC_MSGSEND = YES;
				GCC_C_LANGUAGE_STANDARD = gnu11;
				GCC_NO_COMMON_BLOCKS = YES;
				GCC_WARN_64_TO_32_BIT_CONVERSION = YES;
				GCC_WARN_ABOUT_RETURN_TYPE = YES_ERROR;
				GCC_WARN_UNDECLARED_SELECTOR = YES;
				GCC_WARN_UNINITIALIZED_AUTOS = YES_AGGRESSIVE;
				GCC_WARN_UNUSED_FUNCTION = YES;
				GCC_WARN_UNUSED_VARIABLE = YES;
				IPHONEOS_DEPLOYMENT_TARGET = 13.2;
				MTL_ENABLE_DEBUG_INFO = NO;
				MTL_FAST_MATH = YES;
				SDKROOT = iphoneos;
				SWIFT_COMPILATION_MODE = wholemodule;
				SWIFT_OPTIMIZATION_LEVEL = "-O";
				VALIDATE_PRODUCT = YES;
			};
			name = Release;
		};
		88EF0C8E245CC11400ADC1A6 /* Debug */ = {
			isa = XCBuildConfiguration;
			buildSettings = {
				ASSETCATALOG_COMPILER_APPICON_NAME = AppIcon;
				CODE_SIGN_STYLE = Automatic;
				DEVELOPMENT_TEAM = 325CWX756R;
				INFOPLIST_FILE = ImageGallery/Info.plist;
				LD_RUNPATH_SEARCH_PATHS = (
					"$(inherited)",
					"@executable_path/Frameworks",
				);
				PRODUCT_BUNDLE_IDENTIFIER = Emanuel.ImageGallery;
				PRODUCT_NAME = "$(TARGET_NAME)";
				SWIFT_VERSION = 5.0;
				TARGETED_DEVICE_FAMILY = "1,2";
			};
			name = Debug;
		};
		88EF0C8F245CC11400ADC1A6 /* Release */ = {
			isa = XCBuildConfiguration;
			buildSettings = {
				ASSETCATALOG_COMPILER_APPICON_NAME = AppIcon;
				CODE_SIGN_STYLE = Automatic;
				DEVELOPMENT_TEAM = 325CWX756R;
				INFOPLIST_FILE = ImageGallery/Info.plist;
				LD_RUNPATH_SEARCH_PATHS = (
					"$(inherited)",
					"@executable_path/Frameworks",
				);
				PRODUCT_BUNDLE_IDENTIFIER = Emanuel.ImageGallery;
				PRODUCT_NAME = "$(TARGET_NAME)";
				SWIFT_VERSION = 5.0;
				TARGETED_DEVICE_FAMILY = "1,2";
			};
			name = Release;
		};
/* End XCBuildConfiguration section */

/* Begin XCConfigurationList section */
		88EF0C74245CC11200ADC1A6 /* Build configuration list for PBXProject "ImageGallery" */ = {
			isa = XCConfigurationList;
			buildConfigurations = (
				88EF0C8B245CC11400ADC1A6 /* Debug */,
				88EF0C8C245CC11400ADC1A6 /* Release */,
			);
			defaultConfigurationIsVisible = 0;
			defaultConfigurationName = Release;
		};
		88EF0C8D245CC11400ADC1A6 /* Build configuration list for PBXNativeTarget "ImageGallery" */ = {
			isa = XCConfigurationList;
			buildConfigurations = (
				88EF0C8E245CC11400ADC1A6 /* Debug */,
				88EF0C8F245CC11400ADC1A6 /* Release */,
			);
			defaultConfigurationIsVisible = 0;
			defaultConfigurationName = Release;
		};
/* End XCConfigurationList section */
	};
	rootObject = 88EF0C71245CC11200ADC1A6 /* Project object */;
}
